# THIS IS AN AUTOGENERATED FILE. DO NOT EDIT THIS FILE DIRECTLY.
# yarn lockfile v1


"@babel/parser@^7.16.4", "@babel/parser@^7.18.4":
  version "7.21.8"
  resolved "https://pkgs.d.xiaomi.net:443/artifactory/api/npm/mi-npm/@babel/parser/-/parser-7.21.8.tgz#642af7d0333eab9c0ad70b14ac5e76dbde7bfdf8"
  integrity sha1-ZCr30DM+q5wK1wsUrF522957/fg=

"@babel/standalone@^7.20.0":
  version "7.21.8"
  resolved "https://pkgs.d.xiaomi.net:443/artifactory/api/npm/mi-npm/@babel/standalone/-/standalone-7.21.8.tgz#e24b3fb8aafe1f0f3db4d2f0de59dd2baea13dc2"
  integrity sha1-4ks/uKr+Hw89tNLw3lndK66hPcI=

"@esbuild/android-arm@0.15.18":
  version "0.15.18"
  resolved "https://pkgs.d.xiaomi.net:443/artifactory/api/npm/mi-npm/@esbuild/android-arm/-/android-arm-0.15.18.tgz#266d40b8fdcf87962df8af05b76219bc786b4f80"
  integrity sha1-Jm1AuP3Ph5Yt+K8Ft2IZvHhrT4A=

"@esbuild/linux-loong64@0.15.18":
  version "0.15.18"
  resolved "https://pkgs.d.xiaomi.net:443/artifactory/api/npm/mi-npm/@esbuild/linux-loong64/-/linux-loong64-0.15.18.tgz#128b76ecb9be48b60cf5cfc1c63a4f00691a3239"
  integrity sha1-Eot27Lm+SLYM9c/BxjpPAGkaMjk=

"@jridgewell/gen-mapping@^0.3.0":
  version "0.3.3"
  resolved "https://pkgs.d.xiaomi.net:443/artifactory/api/npm/mi-npm/@jridgewell/gen-mapping/-/gen-mapping-0.3.3.tgz#7e02e6eb5df901aaedb08514203b096614024098"
  integrity sha1-fgLm6135AartsIUUIDsJZhQCQJg=
  dependencies:
    "@jridgewell/set-array" "^1.0.1"
    "@jridgewell/sourcemap-codec" "^1.4.10"
    "@jridgewell/trace-mapping" "^0.3.9"

"@jridgewell/resolve-uri@3.1.0":
  version "3.1.0"
  resolved "https://pkgs.d.xiaomi.net:443/artifactory/api/npm/mi-npm/@jridgewell/resolve-uri/-/resolve-uri-3.1.0.tgz#2203b118c157721addfe69d47b70465463066d78"
  integrity sha1-IgOxGMFXchrd/mnUe3BGVGMGbXg=

"@jridgewell/set-array@^1.0.1":
  version "1.1.2"
  resolved "https://pkgs.d.xiaomi.net:443/artifactory/api/npm/mi-npm/@jridgewell/set-array/-/set-array-1.1.2.tgz#7c6cf998d6d20b914c0a55a91ae928ff25965e72"
  integrity sha1-fGz5mNbSC5FMClWpGuko/yWWXnI=

"@jridgewell/source-map@^0.3.2":
  version "0.3.3"
  resolved "https://pkgs.d.xiaomi.net:443/artifactory/api/npm/mi-npm/@jridgewell/source-map/-/source-map-0.3.3.tgz#8108265659d4c33e72ffe14e33d6cc5eb59f2fda"
  integrity sha1-gQgmVlnUwz5y/+FOM9bMXrWfL9o=
  dependencies:
    "@jridgewell/gen-mapping" "^0.3.0"
    "@jridgewell/trace-mapping" "^0.3.9"

"@jridgewell/sourcemap-codec@1.4.14":
  version "1.4.14"
  resolved "https://pkgs.d.xiaomi.net:443/artifactory/api/npm/mi-npm/@jridgewell/sourcemap-codec/-/sourcemap-codec-1.4.14.tgz#add4c98d341472a289190b424efbdb096991bb24"
  integrity sha1-rdTJjTQUcqKJGQtCTvvbCWmRuyQ=

"@jridgewell/sourcemap-codec@^1.4.10":
  version "1.4.15"
  resolved "https://pkgs.d.xiaomi.net:443/artifactory/api/npm/mi-npm/@jridgewell/sourcemap-codec/-/sourcemap-codec-1.4.15.tgz#d7c6e6755c78567a951e04ab52ef0fd26de59f32"
  integrity sha1-18bmdVx4VnqVHgSrUu8P0m3lnzI=

"@jridgewell/trace-mapping@^0.3.9":
  version "0.3.18"
  resolved "https://pkgs.d.xiaomi.net:443/artifactory/api/npm/mi-npm/@jridgewell/trace-mapping/-/trace-mapping-0.3.18.tgz#25783b2086daf6ff1dcb53c9249ae480e4dd4cd6"
  integrity sha1-JXg7IIba9v8dy1PJJJrkgOTdTNY=
  dependencies:
    "@jridgewell/resolve-uri" "3.1.0"
    "@jridgewell/sourcemap-codec" "1.4.14"

"@types/node@^16.11.45":
  version "16.18.27"
  resolved "https://pkgs.d.xiaomi.net:443/artifactory/api/npm/mi-npm/@types/node/-/node-16.18.27.tgz#d515767a4a7bc44eaec336ac7ff1bde338a17704"
  integrity sha1-1RV2ekp7xE6uwzasf/G94zihdwQ=

"@vitejs/plugin-legacy@^2.0.0":
  version "2.3.1"
  resolved "https://pkgs.d.xiaomi.net:443/artifactory/api/npm/mi-npm/@vitejs/plugin-legacy/-/plugin-legacy-2.3.1.tgz#44d8e608e66ef03ff82ae176588c7a621d56c524"
  integrity sha1-RNjmCOZu8D/4KuF2WIx6Yh1WxSQ=
  dependencies:
    "@babel/standalone" "^7.20.0"
    core-js "^3.26.0"
    magic-string "^0.26.7"
    regenerator-runtime "^0.13.10"
    systemjs "^6.13.0"

"@vitejs/plugin-vue2@^1.1.2":
  version "1.1.2"
  resolved "https://pkgs.d.xiaomi.net:443/artifactory/api/npm/mi-npm/@vitejs/plugin-vue2/-/plugin-vue2-1.1.2.tgz#891f0acc5a6a2b4886a74cb8d6359d42f19f968a"
  integrity sha1-iR8KzFpqK0iGp0y41jWdQvGfloo=

"@volar/code-gen@0.38.9":
  version "0.38.9"
  resolved "https://pkgs.d.xiaomi.net:443/artifactory/api/npm/mi-npm/@volar/code-gen/-/code-gen-0.38.9.tgz#8fed2c6a472c8f11ce695b08789bcc22b08e7fa6"
  integrity sha1-j+0sakcsjxHOaVsIeJvMIrCOf6Y=
  dependencies:
    "@volar/source-map" "0.38.9"

"@volar/source-map@0.38.9":
  version "0.38.9"
  resolved "https://pkgs.d.xiaomi.net:443/artifactory/api/npm/mi-npm/@volar/source-map/-/source-map-0.38.9.tgz#935d6def4b4342e8e2d63cd8e6bf9bf1155c58d8"
  integrity sha1-k11t70tDQuji1jzY5r+b8RVcWNg=

"@volar/vue-code-gen@0.38.9":
  version "0.38.9"
  resolved "https://pkgs.d.xiaomi.net:443/artifactory/api/npm/mi-npm/@volar/vue-code-gen/-/vue-code-gen-0.38.9.tgz#878f00fec82a2fc300396d70e26b0ea29952f740"
  integrity sha1-h48A/sgqL8MAOW1w4msOoplS90A=
  dependencies:
    "@volar/code-gen" "0.38.9"
    "@volar/source-map" "0.38.9"
    "@vue/compiler-core" "^3.2.37"
    "@vue/compiler-dom" "^3.2.37"
    "@vue/shared" "^3.2.37"

"@volar/vue-typescript@0.38.9":
  version "0.38.9"
  resolved "https://pkgs.d.xiaomi.net:443/artifactory/api/npm/mi-npm/@volar/vue-typescript/-/vue-typescript-0.38.9.tgz#e5dfdc6f0d6dbea683647cd477fafbd483983b35"
  integrity sha1-5d/cbw1tvqaDZHzUd/r71IOYOzU=
  dependencies:
    "@volar/code-gen" "0.38.9"
    "@volar/source-map" "0.38.9"
    "@volar/vue-code-gen" "0.38.9"
    "@vue/compiler-sfc" "^3.2.37"
    "@vue/reactivity" "^3.2.37"

"@vue/compiler-core@3.2.47", "@vue/compiler-core@^3.2.37":
  version "3.2.47"
  resolved "https://pkgs.d.xiaomi.net:443/artifactory/api/npm/mi-npm/@vue/compiler-core/-/compiler-core-3.2.47.tgz#3e07c684d74897ac9aa5922c520741f3029267f8"
  integrity sha1-PgfGhNdIl6yapZIsUgdB8wKSZ/g=
  dependencies:
    "@babel/parser" "^7.16.4"
    "@vue/shared" "3.2.47"
    estree-walker "^2.0.2"
    source-map "^0.6.1"

"@vue/compiler-dom@3.2.47", "@vue/compiler-dom@^3.2.37":
  version "3.2.47"
  resolved "https://pkgs.d.xiaomi.net:443/artifactory/api/npm/mi-npm/@vue/compiler-dom/-/compiler-dom-3.2.47.tgz#a0b06caf7ef7056939e563dcaa9cbde30794f305"
  integrity sha1-oLBsr373BWk55WPcqpy94weU8wU=
  dependencies:
    "@vue/compiler-core" "3.2.47"
    "@vue/shared" "3.2.47"

"@vue/compiler-sfc@2.7.14":
  version "2.7.14"
  resolved "https://pkgs.d.xiaomi.net:443/artifactory/api/npm/mi-npm/@vue/compiler-sfc/-/compiler-sfc-2.7.14.tgz#3446fd2fbb670d709277fc3ffa88efc5e10284fd"
  integrity sha1-NEb9L7tnDXCSd/w/+ojvxeEChP0=
  dependencies:
    "@babel/parser" "^7.18.4"
    postcss "^8.4.14"
    source-map "^0.6.1"

"@vue/compiler-sfc@^3.2.37":
  version "3.2.47"
  resolved "https://pkgs.d.xiaomi.net:443/artifactory/api/npm/mi-npm/@vue/compiler-sfc/-/compiler-sfc-3.2.47.tgz#1bdc36f6cdc1643f72e2c397eb1a398f5004ad3d"
  integrity sha1-G9w29s3BZD9y4sOX6xo5j1AErT0=
  dependencies:
    "@babel/parser" "^7.16.4"
    "@vue/compiler-core" "3.2.47"
    "@vue/compiler-dom" "3.2.47"
    "@vue/compiler-ssr" "3.2.47"
    "@vue/reactivity-transform" "3.2.47"
    "@vue/shared" "3.2.47"
    estree-walker "^2.0.2"
    magic-string "^0.25.7"
    postcss "^8.1.10"
    source-map "^0.6.1"

"@vue/compiler-ssr@3.2.47":
  version "3.2.47"
  resolved "https://pkgs.d.xiaomi.net:443/artifactory/api/npm/mi-npm/@vue/compiler-ssr/-/compiler-ssr-3.2.47.tgz#35872c01a273aac4d6070ab9d8da918ab13057ee"
  integrity sha1-NYcsAaJzqsTWBwq52NqRirEwV+4=
  dependencies:
    "@vue/compiler-dom" "3.2.47"
    "@vue/shared" "3.2.47"

"@vue/reactivity-transform@3.2.47":
  version "3.2.47"
  resolved "https://pkgs.d.xiaomi.net:443/artifactory/api/npm/mi-npm/@vue/reactivity-transform/-/reactivity-transform-3.2.47.tgz#e45df4d06370f8abf29081a16afd25cffba6d84e"
  integrity sha1-5F300GNw+KvykIGhav0lz/um2E4=
  dependencies:
    "@babel/parser" "^7.16.4"
    "@vue/compiler-core" "3.2.47"
    "@vue/shared" "3.2.47"
    estree-walker "^2.0.2"
    magic-string "^0.25.7"

"@vue/reactivity@^3.2.37":
  version "3.2.47"
  resolved "https://pkgs.d.xiaomi.net:443/artifactory/api/npm/mi-npm/@vue/reactivity/-/reactivity-3.2.47.tgz#1d6399074eadfc3ed35c727e2fd707d6881140b6"
  integrity sha1-HWOZB06t/D7TXHJ+L9cH1ogRQLY=
  dependencies:
    "@vue/shared" "3.2.47"

"@vue/shared@3.2.47", "@vue/shared@^3.2.37":
  version "3.2.47"
  resolved "https://pkgs.d.xiaomi.net:443/artifactory/api/npm/mi-npm/@vue/shared/-/shared-3.2.47.tgz#e597ef75086c6e896ff5478a6bfc0a7aa4bbd14c"
  integrity sha1-5ZfvdQhsbolv9UeKa/wKeqS70Uw=

"@vue/tsconfig@^0.1.3":
  version "0.1.3"
  resolved "https://pkgs.d.xiaomi.net:443/artifactory/api/npm/mi-npm/@vue/tsconfig/-/tsconfig-0.1.3.tgz#4a61dbd29783d01ddab504276dcf0c2b6988654f"
  integrity sha1-SmHb0peD0B3atQQnbc8MK2mIZU8=

acorn@^8.5.0:
  version "8.8.2"
  resolved "https://pkgs.d.xiaomi.net:443/artifactory/api/npm/mi-npm/acorn/-/acorn-8.8.2.tgz#1b2f25db02af965399b9776b0c2c391276d37c4a"
  integrity sha1-Gy8l2wKvllOZuXdrDCw5EnbTfEo=

ansi-styles@^3.2.1:
  version "3.2.1"
  resolved "https://pkgs.d.xiaomi.net:443/artifactory/api/npm/mi-npm/ansi-styles/-/ansi-styles-3.2.1.tgz#41fbb20243e50b12be0f04b8dedbf07520ce841d"
  integrity sha1-QfuyAkPlCxK+DwS43tvwdSDOhB0=
  dependencies:
    color-convert "^1.9.0"

array-buffer-byte-length@^1.0.0:
  version "1.0.0"
  resolved "https://pkgs.d.xiaomi.net:443/artifactory/api/npm/mi-npm/array-buffer-byte-length/-/array-buffer-byte-length-1.0.0.tgz#fabe8bc193fea865f317fe7807085ee0dee5aead"
  integrity sha1-+r6LwZP+qGXzF/54Bwhe4N7lrq0=
  dependencies:
    call-bind "^1.0.2"
    is-array-buffer "^3.0.1"

available-typed-arrays@^1.0.5:
  version "1.0.5"
  resolved "https://pkgs.d.xiaomi.net:443/artifactory/api/npm/mi-npm/available-typed-arrays/-/available-typed-arrays-1.0.5.tgz#92f95616501069d07d10edb2fc37d3e1c65123b7"
  integrity sha1-kvlWFlAQadB9EO2y/DfT4cZRI7c=

balanced-match@^1.0.0:
  version "1.0.2"
  resolved "https://pkgs.d.xiaomi.net:443/artifactory/api/npm/mi-npm/balanced-match/-/balanced-match-1.0.2.tgz#e83e3a7e3f300b34cb9d87f615fa0cbf357690ee"
  integrity sha1-6D46fj8wCzTLnYf2FfoMvzV2kO4=

brace-expansion@^1.1.7:
  version "1.1.11"
  resolved "https://pkgs.d.xiaomi.net:443/artifactory/api/npm/mi-npm/brace-expansion/-/brace-expansion-1.1.11.tgz#3c7fcbf529d87226f3d2f52b966ff5271eb441dd"
  integrity sha1-PH/L9SnYcibz0vUrlm/1Jx60Qd0=
  dependencies:
    balanced-match "^1.0.0"
    concat-map "0.0.1"

buffer-from@^1.0.0:
  version "1.1.2"
  resolved "https://pkgs.d.xiaomi.net:443/artifactory/api/npm/mi-npm/buffer-from/-/buffer-from-1.1.2.tgz#2b146a6fd72e80b4f55d255f35ed59a3a9a41bd5"
  integrity sha1-KxRqb9cugLT1XSVfNe1Zo6mkG9U=

call-bind@^1.0.0, call-bind@^1.0.2:
  version "1.0.2"
  resolved "https://pkgs.d.xiaomi.net:443/artifactory/api/npm/mi-npm/call-bind/-/call-bind-1.0.2.tgz#b1d4e89e688119c3c9a903ad30abb2f6a919be3c"
  integrity sha1-sdTonmiBGcPJqQOtMKuy9qkZvjw=
  dependencies:
    function-bind "^1.1.1"
    get-intrinsic "^1.0.2"

chalk@^2.4.1:
  version "2.4.2"
  resolved "https://pkgs.d.xiaomi.net:443/artifactory/api/npm/mi-npm/chalk/-/chalk-2.4.2.tgz#cd42541677a54333cf541a49108c1432b44c9424"
  integrity sha1-zUJUFnelQzPPVBpJEIwUMrRMlCQ=
  dependencies:
    ansi-styles "^3.2.1"
    escape-string-regexp "^1.0.5"
    supports-color "^5.3.0"

color-convert@^1.9.0:
  version "1.9.3"
  resolved "https://pkgs.d.xiaomi.net:443/artifactory/api/npm/mi-npm/color-convert/-/color-convert-1.9.3.tgz#bb71850690e1f136567de629d2d5471deda4c1e8"
  integrity sha1-u3GFBpDh8TZWfeYp0tVHHe2kweg=
  dependencies:
    color-name "1.1.3"

color-name@1.1.3:
  version "1.1.3"
  resolved "https://pkgs.d.xiaomi.net:443/artifactory/api/npm/mi-npm/color-name/-/color-name-1.1.3.tgz#a7d0558bd89c42f795dd42328f740831ca53bc25"
  integrity sha1-p9BVi9icQveV3UIyj3QIMcpTvCU=

commander@^2.20.0:
  version "2.20.3"
  resolved "https://pkgs.d.xiaomi.net:443/artifactory/api/npm/mi-npm/commander/-/commander-2.20.3.tgz#fd485e84c03eb4881c20722ba48035e8531aeb33"
  integrity sha1-/UhehMA+tIgcIHIrpIA16FMa6zM=

concat-map@0.0.1:
  version "0.0.1"
  resolved "https://pkgs.d.xiaomi.net:443/artifactory/api/npm/mi-npm/concat-map/-/concat-map-0.0.1.tgz#d8a96bd77fd68df7793a73036a3ba0d5405d477b"
  integrity sha1-2Klr13/Wjfd5OnMDajug1UBdR3s=

core-js@^3.26.0:
  version "3.30.2"
  resolved "https://pkgs.d.xiaomi.net:443/artifactory/api/npm/mi-npm/core-js/-/core-js-3.30.2.tgz#6528abfda65e5ad728143ea23f7a14f0dcf503fc"
  integrity sha1-ZSir/aZeWtcoFD6iP3oU8Nz1A/w=

cross-spawn@^6.0.5:
  version "6.0.5"
  resolved "https://pkgs.d.xiaomi.net:443/artifactory/api/npm/mi-npm/cross-spawn/-/cross-spawn-6.0.5.tgz#4a5ec7c64dfae22c3a14124dbacdee846d80cbc4"
  integrity sha1-Sl7Hxk364iw6FBJNus3uhG2Ay8Q=
  dependencies:
    nice-try "^1.0.4"
    path-key "^2.0.1"
    semver "^5.5.0"
    shebang-command "^1.2.0"
    which "^1.2.9"

csstype@^3.1.0:
  version "3.1.2"
  resolved "https://pkgs.d.xiaomi.net:443/artifactory/api/npm/mi-npm/csstype/-/csstype-3.1.2.tgz#1d4bf9d572f11c14031f0436e1c10bc1f571f50b"
  integrity sha1-HUv51XLxHBQDHwQ24cELwfVx9Qs=

define-properties@^1.1.3, define-properties@^1.1.4, define-properties@^1.2.0:
  version "1.2.0"
  resolved "https://pkgs.d.xiaomi.net:443/artifactory/api/npm/mi-npm/define-properties/-/define-properties-1.2.0.tgz#52988570670c9eacedd8064f4a990f2405849bd5"
  integrity sha1-UpiFcGcMnqzt2AZPSpkPJAWEm9U=
  dependencies:
    has-property-descriptors "^1.0.0"
    object-keys "^1.1.1"

error-ex@^1.3.1:
  version "1.3.2"
  resolved "https://pkgs.d.xiaomi.net:443/artifactory/api/npm/mi-npm/error-ex/-/error-ex-1.3.2.tgz#b4ac40648107fdcdcfae242f428bea8a14d4f1bf"
  integrity sha1-tKxAZIEH/c3PriQvQovqihTU8b8=
  dependencies:
    is-arrayish "^0.2.1"

es-abstract@^1.19.0, es-abstract@^1.20.4:
  version "1.21.2"
  resolved "https://pkgs.d.xiaomi.net:443/artifactory/api/npm/mi-npm/es-abstract/-/es-abstract-1.21.2.tgz#a56b9695322c8a185dc25975aa3b8ec31d0e7eff"
  integrity sha1-pWuWlTIsihhdwll1qjuOwx0Ofv8=
  dependencies:
    array-buffer-byte-length "^1.0.0"
    available-typed-arrays "^1.0.5"
    call-bind "^1.0.2"
    es-set-tostringtag "^2.0.1"
    es-to-primitive "^1.2.1"
    function.prototype.name "^1.1.5"
    get-intrinsic "^1.2.0"
    get-symbol-description "^1.0.0"
    globalthis "^1.0.3"
    gopd "^1.0.1"
    has "^1.0.3"
    has-property-descriptors "^1.0.0"
    has-proto "^1.0.1"
    has-symbols "^1.0.3"
    internal-slot "^1.0.5"
    is-array-buffer "^3.0.2"
    is-callable "^1.2.7"
    is-negative-zero "^2.0.2"
    is-regex "^1.1.4"
    is-shared-array-buffer "^1.0.2"
    is-string "^1.0.7"
    is-typed-array "^1.1.10"
    is-weakref "^1.0.2"
    object-inspect "^1.12.3"
    object-keys "^1.1.1"
    object.assign "^4.1.4"
    regexp.prototype.flags "^1.4.3"
    safe-regex-test "^1.0.0"
    string.prototype.trim "^1.2.7"
    string.prototype.trimend "^1.0.6"
    string.prototype.trimstart "^1.0.6"
    typed-array-length "^1.0.4"
    unbox-primitive "^1.0.2"
    which-typed-array "^1.1.9"

es-set-tostringtag@^2.0.1:
  version "2.0.1"
  resolved "https://pkgs.d.xiaomi.net:443/artifactory/api/npm/mi-npm/es-set-tostringtag/-/es-set-tostringtag-2.0.1.tgz#338d502f6f674301d710b80c8592de8a15f09cd8"
  integrity sha1-M41QL29nQwHXELgMhZLeihXwnNg=
  dependencies:
    get-intrinsic "^1.1.3"
    has "^1.0.3"
    has-tostringtag "^1.0.0"

es-to-primitive@^1.2.1:
  version "1.2.1"
  resolved "https://pkgs.d.xiaomi.net:443/artifactory/api/npm/mi-npm/es-to-primitive/-/es-to-primitive-1.2.1.tgz#e55cd4c9cdc188bcefb03b366c736323fc5c898a"
  integrity sha1-5VzUyc3BiLzvsDs2bHNjI/xciYo=
  dependencies:
    is-callable "^1.1.4"
    is-date-object "^1.0.1"
    is-symbol "^1.0.2"

esbuild-android-64@0.15.18:
  version "0.15.18"
  resolved "https://pkgs.d.xiaomi.net:443/artifactory/api/npm/mi-npm/esbuild-android-64/-/esbuild-android-64-0.15.18.tgz#20a7ae1416c8eaade917fb2453c1259302c637a5"
  integrity sha1-IKeuFBbI6q3pF/skU8ElkwLGN6U=

esbuild-android-arm64@0.15.18:
  version "0.15.18"
  resolved "https://pkgs.d.xiaomi.net:443/artifactory/api/npm/mi-npm/esbuild-android-arm64/-/esbuild-android-arm64-0.15.18.tgz#9cc0ec60581d6ad267568f29cf4895ffdd9f2f04"
  integrity sha1-nMDsYFgdatJnVo8pz0iV/92fLwQ=

esbuild-darwin-64@0.15.18:
  version "0.15.18"
  resolved "https://pkgs.d.xiaomi.net:443/artifactory/api/npm/mi-npm/esbuild-darwin-64/-/esbuild-darwin-64-0.15.18.tgz#428e1730ea819d500808f220fbc5207aea6d4410"
  integrity sha1-Qo4XMOqBnVAICPIg+8UgeuptRBA=

esbuild-darwin-arm64@0.15.18:
  version "0.15.18"
  resolved "https://pkgs.d.xiaomi.net:443/artifactory/api/npm/mi-npm/esbuild-darwin-arm64/-/esbuild-darwin-arm64-0.15.18.tgz#b6dfc7799115a2917f35970bfbc93ae50256b337"
  integrity sha1-tt/HeZEVopF/NZcL+8k65QJWszc=

esbuild-freebsd-64@0.15.18:
  version "0.15.18"
  resolved "https://pkgs.d.xiaomi.net:443/artifactory/api/npm/mi-npm/esbuild-freebsd-64/-/esbuild-freebsd-64-0.15.18.tgz#4e190d9c2d1e67164619ae30a438be87d5eedaf2"
  integrity sha1-ThkNnC0eZxZGGa4wpDi+h9Xu2vI=

esbuild-freebsd-arm64@0.15.18:
  version "0.15.18"
  resolved "https://pkgs.d.xiaomi.net:443/artifactory/api/npm/mi-npm/esbuild-freebsd-arm64/-/esbuild-freebsd-arm64-0.15.18.tgz#18a4c0344ee23bd5a6d06d18c76e2fd6d3f91635"
  integrity sha1-GKTANE7iO9Wm0G0Yx24v1tP5FjU=

esbuild-linux-32@0.15.18:
  version "0.15.18"
  resolved "https://pkgs.d.xiaomi.net:443/artifactory/api/npm/mi-npm/esbuild-linux-32/-/esbuild-linux-32-0.15.18.tgz#9a329731ee079b12262b793fb84eea762e82e0ce"
  integrity sha1-mjKXMe4HmxImK3k/uE7qdi6C4M4=

esbuild-linux-64@0.15.18:
  version "0.15.18"
  resolved "https://pkgs.d.xiaomi.net:443/artifactory/api/npm/mi-npm/esbuild-linux-64/-/esbuild-linux-64-0.15.18.tgz#532738075397b994467b514e524aeb520c191b6c"
  integrity sha1-Uyc4B1OXuZRGe1FOUkrrUgwZG2w=

esbuild-linux-arm64@0.15.18:
  version "0.15.18"
  resolved "https://pkgs.d.xiaomi.net:443/artifactory/api/npm/mi-npm/esbuild-linux-arm64/-/esbuild-linux-arm64-0.15.18.tgz#5372e7993ac2da8f06b2ba313710d722b7a86e5d"
  integrity sha1-U3LnmTrC2o8GsroxNxDXIreobl0=

esbuild-linux-arm@0.15.18:
  version "0.15.18"
  resolved "https://pkgs.d.xiaomi.net:443/artifactory/api/npm/mi-npm/esbuild-linux-arm/-/esbuild-linux-arm-0.15.18.tgz#e734aaf259a2e3d109d4886c9e81ec0f2fd9a9cc"
  integrity sha1-5zSq8lmi49EJ1IhsnoHsDy/Zqcw=

esbuild-linux-mips64le@0.15.18:
  version "0.15.18"
  resolved "https://pkgs.d.xiaomi.net:443/artifactory/api/npm/mi-npm/esbuild-linux-mips64le/-/esbuild-linux-mips64le-0.15.18.tgz#c0487c14a9371a84eb08fab0e1d7b045a77105eb"
  integrity sha1-wEh8FKk3GoTrCPqw4dewRadxBes=

esbuild-linux-ppc64le@0.15.18:
  version "0.15.18"
  resolved "https://pkgs.d.xiaomi.net:443/artifactory/api/npm/mi-npm/esbuild-linux-ppc64le/-/esbuild-linux-ppc64le-0.15.18.tgz#af048ad94eed0ce32f6d5a873f7abe9115012507"
  integrity sha1-rwSK2U7tDOMvbVqHP3q+kRUBJQc=

esbuild-linux-riscv64@0.15.18:
  version "0.15.18"
  resolved "https://pkgs.d.xiaomi.net:443/artifactory/api/npm/mi-npm/esbuild-linux-riscv64/-/esbuild-linux-riscv64-0.15.18.tgz#423ed4e5927bd77f842bd566972178f424d455e6"
  integrity sha1-Qj7U5ZJ713+EK9VmlyF49CTUVeY=

esbuild-linux-s390x@0.15.18:
  version "0.15.18"
  resolved "https://pkgs.d.xiaomi.net:443/artifactory/api/npm/mi-npm/esbuild-linux-s390x/-/esbuild-linux-s390x-0.15.18.tgz#21d21eaa962a183bfb76312e5a01cc5ae48ce8eb"
  integrity sha1-IdIeqpYqGDv7djEuWgHMWuSM6Os=

esbuild-netbsd-64@0.15.18:
  version "0.15.18"
  resolved "https://pkgs.d.xiaomi.net:443/artifactory/api/npm/mi-npm/esbuild-netbsd-64/-/esbuild-netbsd-64-0.15.18.tgz#ae75682f60d08560b1fe9482bfe0173e5110b998"
  integrity sha1-rnVoL2DQhWCx/pSCv+AXPlEQuZg=

esbuild-openbsd-64@0.15.18:
  version "0.15.18"
  resolved "https://pkgs.d.xiaomi.net:443/artifactory/api/npm/mi-npm/esbuild-openbsd-64/-/esbuild-openbsd-64-0.15.18.tgz#79591a90aa3b03e4863f93beec0d2bab2853d0a8"
  integrity sha1-eVkakKo7A+SGP5O+7A0rqyhT0Kg=

esbuild-sunos-64@0.15.18:
  version "0.15.18"
  resolved "https://pkgs.d.xiaomi.net:443/artifactory/api/npm/mi-npm/esbuild-sunos-64/-/esbuild-sunos-64-0.15.18.tgz#fd528aa5da5374b7e1e93d36ef9b07c3dfed2971"
  integrity sha1-/VKKpdpTdLfh6T0275sHw9/tKXE=

esbuild-windows-32@0.15.18:
  version "0.15.18"
  resolved "https://pkgs.d.xiaomi.net:443/artifactory/api/npm/mi-npm/esbuild-windows-32/-/esbuild-windows-32-0.15.18.tgz#0e92b66ecdf5435a76813c4bc5ccda0696f4efc3"
  integrity sha1-DpK2bs31Q1p2gTxLxczaBpb078M=

esbuild-windows-64@0.15.18:
  version "0.15.18"
  resolved "https://pkgs.d.xiaomi.net:443/artifactory/api/npm/mi-npm/esbuild-windows-64/-/esbuild-windows-64-0.15.18.tgz#0fc761d785414284fc408e7914226d33f82420d0"
  integrity sha1-D8dh14VBQoT8QI55FCJtM/gkINA=

esbuild-windows-arm64@0.15.18:
  version "0.15.18"
  resolved "https://pkgs.d.xiaomi.net:443/artifactory/api/npm/mi-npm/esbuild-windows-arm64/-/esbuild-windows-arm64-0.15.18.tgz#5b5bdc56d341d0922ee94965c89ee120a6a86eb7"
  integrity sha1-W1vcVtNB0JIu6UllyJ7hIKaobrc=

esbuild@^0.15.9:
  version "0.15.18"
  resolved "https://pkgs.d.xiaomi.net:443/artifactory/api/npm/mi-npm/esbuild/-/esbuild-0.15.18.tgz#ea894adaf3fbc036d32320a00d4d6e4978a2f36d"
  integrity sha1-6olK2vP7wDbTIyCgDU1uSXii820=
  optionalDependencies:
    "@esbuild/android-arm" "0.15.18"
    "@esbuild/linux-loong64" "0.15.18"
    esbuild-android-64 "0.15.18"
    esbuild-android-arm64 "0.15.18"
    esbuild-darwin-64 "0.15.18"
    esbuild-darwin-arm64 "0.15.18"
    esbuild-freebsd-64 "0.15.18"
    esbuild-freebsd-arm64 "0.15.18"
    esbuild-linux-32 "0.15.18"
    esbuild-linux-64 "0.15.18"
    esbuild-linux-arm "0.15.18"
    esbuild-linux-arm64 "0.15.18"
    esbuild-linux-mips64le "0.15.18"
    esbuild-linux-ppc64le "0.15.18"
    esbuild-linux-riscv64 "0.15.18"
    esbuild-linux-s390x "0.15.18"
    esbuild-netbsd-64 "0.15.18"
    esbuild-openbsd-64 "0.15.18"
    esbuild-sunos-64 "0.15.18"
    esbuild-windows-32 "0.15.18"
    esbuild-windows-64 "0.15.18"
    esbuild-windows-arm64 "0.15.18"

escape-string-regexp@^1.0.5:
  version "1.0.5"
  resolved "https://pkgs.d.xiaomi.net:443/artifactory/api/npm/mi-npm/escape-string-regexp/-/escape-string-regexp-1.0.5.tgz#1b61c0562190a8dff6ae3bb2cf0200ca130b86d4"
  integrity sha1-G2HAViGQqN/2rjuyzwIAyhMLhtQ=

estree-walker@^2.0.2:
  version "2.0.2"
  resolved "https://pkgs.d.xiaomi.net:443/artifactory/api/npm/mi-npm/estree-walker/-/estree-walker-2.0.2.tgz#52f010178c2a4c117a7757cfe942adb7d2da4cac"
  integrity sha1-UvAQF4wqTBF6d1fP6UKtt9LaTKw=

for-each@^0.3.3:
  version "0.3.3"
  resolved "https://pkgs.d.xiaomi.net:443/artifactory/api/npm/mi-npm/for-each/-/for-each-0.3.3.tgz#69b447e88a0a5d32c3e7084f3f1710034b21376e"
  integrity sha1-abRH6IoKXTLD5whPPxcQA0shN24=
  dependencies:
    is-callable "^1.1.3"

fsevents@~2.3.2:
  version "2.3.2"
  resolved "https://pkgs.d.xiaomi.net:443/artifactory/api/npm/mi-npm/fsevents/-/fsevents-2.3.2.tgz#8a526f78b8fdf4623b709e0b975c52c24c02fd1a"
  integrity sha1-ilJveLj99GI7cJ4Ll1xSwkwC/Ro=

function-bind@^1.1.1:
  version "1.1.1"
  resolved "https://pkgs.d.xiaomi.net:443/artifactory/api/npm/mi-npm/function-bind/-/function-bind-1.1.1.tgz#a56899d3ea3c9bab874bb9773b7c5ede92f4895d"
  integrity sha1-pWiZ0+o8m6uHS7l3O3xe3pL0iV0=

function.prototype.name@^1.1.5:
  version "1.1.5"
  resolved "https://pkgs.d.xiaomi.net:443/artifactory/api/npm/mi-npm/function.prototype.name/-/function.prototype.name-1.1.5.tgz#cce0505fe1ffb80503e6f9e46cc64e46a12a9621"
  integrity sha1-zOBQX+H/uAUD5vnkbMZORqEqliE=
  dependencies:
    call-bind "^1.0.2"
    define-properties "^1.1.3"
    es-abstract "^1.19.0"
    functions-have-names "^1.2.2"

functions-have-names@^1.2.2, functions-have-names@^1.2.3:
  version "1.2.3"
  resolved "https://pkgs.d.xiaomi.net:443/artifactory/api/npm/mi-npm/functions-have-names/-/functions-have-names-1.2.3.tgz#0404fe4ee2ba2f607f0e0ec3c80bae994133b834"
  integrity sha1-BAT+TuK6L2B/Dg7DyAuumUEzuDQ=

get-intrinsic@^1.0.2, get-intrinsic@^1.1.1, get-intrinsic@^1.1.3, get-intrinsic@^1.2.0:
  version "1.2.0"
  resolved "https://pkgs.d.xiaomi.net:443/artifactory/api/npm/mi-npm/get-intrinsic/-/get-intrinsic-1.2.0.tgz#7ad1dc0535f3a2904bba075772763e5051f6d05f"
  integrity sha1-etHcBTXzopBLugdXcnY+UFH20F8=
  dependencies:
    function-bind "^1.1.1"
    has "^1.0.3"
    has-symbols "^1.0.3"

get-symbol-description@^1.0.0:
  version "1.0.0"
  resolved "https://pkgs.d.xiaomi.net:443/artifactory/api/npm/mi-npm/get-symbol-description/-/get-symbol-description-1.0.0.tgz#7fdb81c900101fbd564dd5f1a30af5aadc1e58d6"
  integrity sha1-f9uByQAQH71WTdXxowr1qtweWNY=
  dependencies:
    call-bind "^1.0.2"
    get-intrinsic "^1.1.1"

globalthis@^1.0.3:
  version "1.0.3"
  resolved "https://pkgs.d.xiaomi.net:443/artifactory/api/npm/mi-npm/globalthis/-/globalthis-1.0.3.tgz#5852882a52b80dc301b0660273e1ed082f0b6ccf"
  integrity sha1-WFKIKlK4DcMBsGYCc+HtCC8LbM8=
  dependencies:
    define-properties "^1.1.3"

gopd@^1.0.1:
  version "1.0.1"
  resolved "https://pkgs.d.xiaomi.net:443/artifactory/api/npm/mi-npm/gopd/-/gopd-1.0.1.tgz#29ff76de69dac7489b7c0918a5788e56477c332c"
  integrity sha1-Kf923mnax0ibfAkYpXiOVkd8Myw=
  dependencies:
    get-intrinsic "^1.1.3"

graceful-fs@^4.1.2:
  version "4.2.11"
  resolved "https://pkgs.d.xiaomi.net:443/artifactory/api/npm/mi-npm/graceful-fs/-/graceful-fs-4.2.11.tgz#4183e4e8bf08bb6e05bbb2f7d2e0c8f712ca40e3"
  integrity sha1-QYPk6L8Iu24Fu7L30uDI9xLKQOM=

has-bigints@^1.0.1, has-bigints@^1.0.2:
  version "1.0.2"
  resolved "https://pkgs.d.xiaomi.net:443/artifactory/api/npm/mi-npm/has-bigints/-/has-bigints-1.0.2.tgz#0871bd3e3d51626f6ca0966668ba35d5602d6eaa"
  integrity sha1-CHG9Pj1RYm9soJZmaLo11WAtbqo=

has-flag@^3.0.0:
  version "3.0.0"
  resolved "https://pkgs.d.xiaomi.net:443/artifactory/api/npm/mi-npm/has-flag/-/has-flag-3.0.0.tgz#b5d454dc2199ae225699f3467e5a07f3b955bafd"
  integrity sha1-tdRU3CGZriJWmfNGfloH87lVuv0=

has-property-descriptors@^1.0.0:
  version "1.0.0"
  resolved "https://pkgs.d.xiaomi.net:443/artifactory/api/npm/mi-npm/has-property-descriptors/-/has-property-descriptors-1.0.0.tgz#610708600606d36961ed04c196193b6a607fa861"
  integrity sha1-YQcIYAYG02lh7QTBlhk7amB/qGE=
  dependencies:
    get-intrinsic "^1.1.1"

has-proto@^1.0.1:
  version "1.0.1"
  resolved "https://pkgs.d.xiaomi.net:443/artifactory/api/npm/mi-npm/has-proto/-/has-proto-1.0.1.tgz#1885c1305538958aff469fef37937c22795408e0"
  integrity sha1-GIXBMFU4lYr/Rp/vN5N8InlUCOA=

has-symbols@^1.0.2, has-symbols@^1.0.3:
  version "1.0.3"
  resolved "https://pkgs.d.xiaomi.net:443/artifactory/api/npm/mi-npm/has-symbols/-/has-symbols-1.0.3.tgz#bb7b2c4349251dce87b125f7bdf874aa7c8b39f8"
  integrity sha1-u3ssQ0klHc6HsSX3vfh0qnyLOfg=

has-tostringtag@^1.0.0:
  version "1.0.0"
  resolved "https://pkgs.d.xiaomi.net:443/artifactory/api/npm/mi-npm/has-tostringtag/-/has-tostringtag-1.0.0.tgz#7e133818a7d394734f941e73c3d3f9291e658b25"
  integrity sha1-fhM4GKfTlHNPlB5zw9P5KR5liyU=
  dependencies:
    has-symbols "^1.0.2"

has@^1.0.3:
  version "1.0.3"
  resolved "https://pkgs.d.xiaomi.net:443/artifactory/api/npm/mi-npm/has/-/has-1.0.3.tgz#722d7cbfc1f6aa8241f16dd814e011e1f41e8796"
  integrity sha1-ci18v8H2qoJB8W3YFOAR4fQeh5Y=
  dependencies:
    function-bind "^1.1.1"

hosted-git-info@^2.1.4:
  version "2.8.9"
  resolved "https://pkgs.d.xiaomi.net:443/artifactory/api/npm/mi-npm/hosted-git-info/-/hosted-git-info-2.8.9.tgz#dffc0bf9a21c02209090f2aa69429e1414daf3f9"
  integrity sha1-3/wL+aIcAiCQkPKqaUKeFBTa8/k=

internal-slot@^1.0.5:
  version "1.0.5"
  resolved "https://pkgs.d.xiaomi.net:443/artifactory/api/npm/mi-npm/internal-slot/-/internal-slot-1.0.5.tgz#f2a2ee21f668f8627a4667f309dc0f4fb6674986"
  integrity sha1-8qLuIfZo+GJ6RmfzCdwPT7ZnSYY=
  dependencies:
    get-intrinsic "^1.2.0"
    has "^1.0.3"
    side-channel "^1.0.4"

is-array-buffer@^3.0.1, is-array-buffer@^3.0.2:
  version "3.0.2"
  resolved "https://pkgs.d.xiaomi.net:443/artifactory/api/npm/mi-npm/is-array-buffer/-/is-array-buffer-3.0.2.tgz#f2653ced8412081638ecb0ebbd0c41c6e0aecbbe"
  integrity sha1-8mU87YQSCBY47LDrvQxBxuCuy74=
  dependencies:
    call-bind "^1.0.2"
    get-intrinsic "^1.2.0"
    is-typed-array "^1.1.10"

is-arrayish@^0.2.1:
  version "0.2.1"
  resolved "https://pkgs.d.xiaomi.net:443/artifactory/api/npm/mi-npm/is-arrayish/-/is-arrayish-0.2.1.tgz#77c99840527aa8ecb1a8ba697b80645a7a926a9d"
  integrity sha1-d8mYQFJ6qOyxqLppe4BkWnqSap0=

is-bigint@^1.0.1:
  version "1.0.4"
  resolved "https://pkgs.d.xiaomi.net:443/artifactory/api/npm/mi-npm/is-bigint/-/is-bigint-1.0.4.tgz#08147a1875bc2b32005d41ccd8291dffc6691df3"
  integrity sha1-CBR6GHW8KzIAXUHM2Ckd/8ZpHfM=
  dependencies:
    has-bigints "^1.0.1"

is-boolean-object@^1.1.0:
  version "1.1.2"
  resolved "https://pkgs.d.xiaomi.net:443/artifactory/api/npm/mi-npm/is-boolean-object/-/is-boolean-object-1.1.2.tgz#5c6dc200246dd9321ae4b885a114bb1f75f63719"
  integrity sha1-XG3CACRt2TIa5LiFoRS7H3X2Nxk=
  dependencies:
    call-bind "^1.0.2"
    has-tostringtag "^1.0.0"

is-callable@^1.1.3, is-callable@^1.1.4, is-callable@^1.2.7:
  version "1.2.7"
  resolved "https://pkgs.d.xiaomi.net:443/artifactory/api/npm/mi-npm/is-callable/-/is-callable-1.2.7.tgz#3bc2a85ea742d9e36205dcacdd72ca1fdc51b055"
  integrity sha1-O8KoXqdC2eNiBdys3XLKH9xRsFU=

is-core-module@^2.11.0:
  version "2.12.0"
  resolved "https://pkgs.d.xiaomi.net:443/artifactory/api/npm/mi-npm/is-core-module/-/is-core-module-2.12.0.tgz#36ad62f6f73c8253fd6472517a12483cf03e7ec4"
  integrity sha1-Nq1i9vc8glP9ZHJRehJIPPA+fsQ=
  dependencies:
    has "^1.0.3"

is-date-object@^1.0.1:
  version "1.0.5"
  resolved "https://pkgs.d.xiaomi.net:443/artifactory/api/npm/mi-npm/is-date-object/-/is-date-object-1.0.5.tgz#0841d5536e724c25597bf6ea62e1bd38298df31f"
  integrity sha1-CEHVU25yTCVZe/bqYuG9OCmN8x8=
  dependencies:
    has-tostringtag "^1.0.0"

is-negative-zero@^2.0.2:
  version "2.0.2"
  resolved "https://pkgs.d.xiaomi.net:443/artifactory/api/npm/mi-npm/is-negative-zero/-/is-negative-zero-2.0.2.tgz#7bf6f03a28003b8b3965de3ac26f664d765f3150"
  integrity sha1-e/bwOigAO4s5Zd46wm9mTXZfMVA=

is-number-object@^1.0.4:
  version "1.0.7"
  resolved "https://pkgs.d.xiaomi.net:443/artifactory/api/npm/mi-npm/is-number-object/-/is-number-object-1.0.7.tgz#59d50ada4c45251784e9904f5246c742f07a42fc"
  integrity sha1-WdUK2kxFJReE6ZBPUkbHQvB6Qvw=
  dependencies:
    has-tostringtag "^1.0.0"

is-regex@^1.1.4:
  version "1.1.4"
  resolved "https://pkgs.d.xiaomi.net:443/artifactory/api/npm/mi-npm/is-regex/-/is-regex-1.1.4.tgz#eef5663cd59fa4c0ae339505323df6854bb15958"
  integrity sha1-7vVmPNWfpMCuM5UFMj32hUuxWVg=
  dependencies:
    call-bind "^1.0.2"
    has-tostringtag "^1.0.0"

is-shared-array-buffer@^1.0.2:
  version "1.0.2"
  resolved "https://pkgs.d.xiaomi.net:443/artifactory/api/npm/mi-npm/is-shared-array-buffer/-/is-shared-array-buffer-1.0.2.tgz#8f259c573b60b6a32d4058a1a07430c0a7344c79"
  integrity sha1-jyWcVztgtqMtQFihoHQwwKc0THk=
  dependencies:
    call-bind "^1.0.2"

is-string@^1.0.5, is-string@^1.0.7:
  version "1.0.7"
  resolved "https://pkgs.d.xiaomi.net:443/artifactory/api/npm/mi-npm/is-string/-/is-string-1.0.7.tgz#0dd12bf2006f255bb58f695110eff7491eebc0fd"
  integrity sha1-DdEr8gBvJVu1j2lREO/3SR7rwP0=
  dependencies:
    has-tostringtag "^1.0.0"

is-symbol@^1.0.2, is-symbol@^1.0.3:
  version "1.0.4"
  resolved "https://pkgs.d.xiaomi.net:443/artifactory/api/npm/mi-npm/is-symbol/-/is-symbol-1.0.4.tgz#a6dac93b635b063ca6872236de88910a57af139c"
  integrity sha1-ptrJO2NbBjymhyI23oiRClevE5w=
  dependencies:
    has-symbols "^1.0.2"

is-typed-array@^1.1.10, is-typed-array@^1.1.9:
  version "1.1.10"
  resolved "https://pkgs.d.xiaomi.net:443/artifactory/api/npm/mi-npm/is-typed-array/-/is-typed-array-1.1.10.tgz#36a5b5cb4189b575d1a3e4b08536bfb485801e3f"
  integrity sha1-NqW1y0GJtXXRo+SwhTa/tIWAHj8=
  dependencies:
    available-typed-arrays "^1.0.5"
    call-bind "^1.0.2"
    for-each "^0.3.3"
    gopd "^1.0.1"
    has-tostringtag "^1.0.0"

is-weakref@^1.0.2:
  version "1.0.2"
  resolved "https://pkgs.d.xiaomi.net:443/artifactory/api/npm/mi-npm/is-weakref/-/is-weakref-1.0.2.tgz#9529f383a9338205e89765e0392efc2f100f06f2"
  integrity sha1-lSnzg6kzggXol2XgOS78LxAPBvI=
  dependencies:
    call-bind "^1.0.2"

isexe@^2.0.0:
  version "2.0.0"
  resolved "https://pkgs.d.xiaomi.net:443/artifactory/api/npm/mi-npm/isexe/-/isexe-2.0.0.tgz#e8fbf374dc556ff8947a10dcb0572d633f2cfa10"
  integrity sha1-6PvzdNxVb/iUehDcsFctYz8s+hA=

json-parse-better-errors@^1.0.1:
  version "1.0.2"
  resolved "https://pkgs.d.xiaomi.net:443/artifactory/api/npm/mi-npm/json-parse-better-errors/-/json-parse-better-errors-1.0.2.tgz#bb867cfb3450e69107c131d1c514bab3dc8bcaa9"
  integrity sha1-u4Z8+zRQ5pEHwTHRxRS6s9yLyqk=

load-json-file@^4.0.0:
  version "4.0.0"
  resolved "https://pkgs.d.xiaomi.net:443/artifactory/api/npm/mi-npm/load-json-file/-/load-json-file-4.0.0.tgz#2f5f45ab91e33216234fd53adab668eb4ec0993b"
  integrity sha1-L19Fq5HjMhYjT9U62rZo607AmTs=
  dependencies:
    graceful-fs "^4.1.2"
    parse-json "^4.0.0"
    pify "^3.0.0"
    strip-bom "^3.0.0"

magic-string@^0.25.7:
  version "0.25.9"
  resolved "https://pkgs.d.xiaomi.net:443/artifactory/api/npm/mi-npm/magic-string/-/magic-string-0.25.9.tgz#de7f9faf91ef8a1c91d02c2e5314c8277dbcdd1c"
  integrity sha1-3n+fr5HvihyR0CwuUxTIJ3283Rw=
  dependencies:
    sourcemap-codec "^1.4.8"

magic-string@^0.26.7:
  version "0.26.7"
  resolved "https://pkgs.d.xiaomi.net:443/artifactory/api/npm/mi-npm/magic-string/-/magic-string-0.26.7.tgz#caf7daf61b34e9982f8228c4527474dac8981d6f"
  integrity sha1-yvfa9hs06ZgvgijEUnR02siYHW8=
  dependencies:
    sourcemap-codec "^1.4.8"

memorystream@^0.3.1:
  version "0.3.1"
  resolved "https://pkgs.d.xiaomi.net:443/artifactory/api/npm/mi-npm/memorystream/-/memorystream-0.3.1.tgz#86d7090b30ce455d63fbae12dda51a47ddcaf9b2"
  integrity sha1-htcJCzDORV1j+64S3aUaR93K+bI=

minimatch@^3.0.4:
  version "3.1.2"
  resolved "https://pkgs.d.xiaomi.net:443/artifactory/api/npm/mi-npm/minimatch/-/minimatch-3.1.2.tgz#19cd194bfd3e428f049a70817c038d89ab4be35b"
  integrity sha1-Gc0ZS/0+Qo8EmnCBfAONiatL41s=
  dependencies:
    brace-expansion "^1.1.7"

nanoid@^3.3.6:
  version "3.3.6"
  resolved "https://pkgs.d.xiaomi.net:443/artifactory/api/npm/mi-npm/nanoid/-/nanoid-3.3.6.tgz#443380c856d6e9f9824267d960b4236ad583ea4c"
  integrity sha1-RDOAyFbW6fmCQmfZYLQjatWD6kw=

nice-try@^1.0.4:
  version "1.0.5"
  resolved "https://pkgs.d.xiaomi.net:443/artifactory/api/npm/mi-npm/nice-try/-/nice-try-1.0.5.tgz#a3378a7696ce7d223e88fc9b764bd7ef1089e366"
  integrity sha1-ozeKdpbOfSI+iPybdkvX7xCJ42Y=

normalize-package-data@^2.3.2:
  version "2.5.0"
  resolved "https://pkgs.d.xiaomi.net:443/artifactory/api/npm/mi-npm/normalize-package-data/-/normalize-package-data-2.5.0.tgz#e66db1838b200c1dfc233225d12cb36520e234a8"
  integrity sha1-5m2xg4sgDB38IzIl0SyzZSDiNKg=
  dependencies:
    hosted-git-info "^2.1.4"
    resolve "^1.10.0"
    semver "2 || 3 || 4 || 5"
    validate-npm-package-license "^3.0.1"

npm-run-all@^4.1.5:
  version "4.1.5"
  resolved "https://pkgs.d.xiaomi.net:443/artifactory/api/npm/mi-npm/npm-run-all/-/npm-run-all-4.1.5.tgz#04476202a15ee0e2e214080861bff12a51d98fba"
  integrity sha1-BEdiAqFe4OLiFAgIYb/xKlHZj7o=
  dependencies:
    ansi-styles "^3.2.1"
    chalk "^2.4.1"
    cross-spawn "^6.0.5"
    memorystream "^0.3.1"
    minimatch "^3.0.4"
    pidtree "^0.3.0"
    read-pkg "^3.0.0"
    shell-quote "^1.6.1"
    string.prototype.padend "^3.0.0"

object-inspect@^1.12.3, object-inspect@^1.9.0:
  version "1.12.3"
  resolved "https://pkgs.d.xiaomi.net:443/artifactory/api/npm/mi-npm/object-inspect/-/object-inspect-1.12.3.tgz#ba62dffd67ee256c8c086dfae69e016cd1f198b9"
  integrity sha1-umLf/WfuJWyMCG365p4BbNHxmLk=

object-keys@^1.1.1:
  version "1.1.1"
  resolved "https://pkgs.d.xiaomi.net:443/artifactory/api/npm/mi-npm/object-keys/-/object-keys-1.1.1.tgz#1c47f272df277f3b1daf061677d9c82e2322c60e"
  integrity sha1-HEfyct8nfzsdrwYWd9nILiMixg4=

object.assign@^4.1.4:
  version "4.1.4"
  resolved "https://pkgs.d.xiaomi.net:443/artifactory/api/npm/mi-npm/object.assign/-/object.assign-4.1.4.tgz#9673c7c7c351ab8c4d0b516f4343ebf4dfb7799f"
  integrity sha1-lnPHx8NRq4xNC1FvQ0Pr9N+3eZ8=
  dependencies:
    call-bind "^1.0.2"
    define-properties "^1.1.4"
    has-symbols "^1.0.3"
    object-keys "^1.1.1"

parse-json@^4.0.0:
  version "4.0.0"
  resolved "https://pkgs.d.xiaomi.net:443/artifactory/api/npm/mi-npm/parse-json/-/parse-json-4.0.0.tgz#be35f5425be1f7f6c747184f98a788cb99477ee0"
  integrity sha1-vjX1Qlvh9/bHRxhPmKeIy5lHfuA=
  dependencies:
    error-ex "^1.3.1"
    json-parse-better-errors "^1.0.1"

path-key@^2.0.1:
  version "2.0.1"
  resolved "https://pkgs.d.xiaomi.net:443/artifactory/api/npm/mi-npm/path-key/-/path-key-2.0.1.tgz#411cadb574c5a140d3a4b1910d40d80cc9f40b40"
  integrity sha1-QRyttXTFoUDTpLGRDUDYDMn0C0A=

path-parse@^1.0.7:
  version "1.0.7"
  resolved "https://pkgs.d.xiaomi.net:443/artifactory/api/npm/mi-npm/path-parse/-/path-parse-1.0.7.tgz#fbc114b60ca42b30d9daf5858e4bd68bbedb6735"
  integrity sha1-+8EUtgykKzDZ2vWFjkvWi77bZzU=

path-type@^3.0.0:
  version "3.0.0"
  resolved "https://pkgs.d.xiaomi.net:443/artifactory/api/npm/mi-npm/path-type/-/path-type-3.0.0.tgz#cef31dc8e0a1a3bb0d105c0cd97cf3bf47f4e36f"
  integrity sha1-zvMdyOCho7sNEFwM2Xzzv0f0428=
  dependencies:
    pify "^3.0.0"

picocolors@^1.0.0:
  version "1.0.0"
  resolved "https://pkgs.d.xiaomi.net:443/artifactory/api/npm/mi-npm/picocolors/-/picocolors-1.0.0.tgz#cb5bdc74ff3f51892236eaf79d68bc44564ab81c"
  integrity sha1-y1vcdP8/UYkiNur3nWi8RFZKuBw=

pidtree@^0.3.0:
  version "0.3.1"
  resolved "https://pkgs.d.xiaomi.net:443/artifactory/api/npm/mi-npm/pidtree/-/pidtree-0.3.1.tgz#ef09ac2cc0533df1f3250ccf2c4d366b0d12114a"
  integrity sha1-7wmsLMBTPfHzJQzPLE02aw0SEUo=

pify@^3.0.0:
  version "3.0.0"
  resolved "https://pkgs.d.xiaomi.net:443/artifactory/api/npm/mi-npm/pify/-/pify-3.0.0.tgz#e5a4acd2c101fdf3d9a4d07f0dbc4db49dd28176"
  integrity sha1-5aSs0sEB/fPZpNB/DbxNtJ3SgXY=

postcss@^8.1.10, postcss@^8.4.14, postcss@^8.4.18:
  version "8.4.23"
  resolved "https://pkgs.d.xiaomi.net:443/artifactory/api/npm/mi-npm/postcss/-/postcss-8.4.23.tgz#df0aee9ac7c5e53e1075c24a3613496f9e6552ab"
  integrity sha1-3wrumsfF5T4QdcJKNhNJb55lUqs=
  dependencies:
    nanoid "^3.3.6"
    picocolors "^1.0.0"
    source-map-js "^1.0.2"

read-pkg@^3.0.0:
  version "3.0.0"
  resolved "https://pkgs.d.xiaomi.net:443/artifactory/api/npm/mi-npm/read-pkg/-/read-pkg-3.0.0.tgz#9cbc686978fee65d16c00e2b19c237fcf6e38389"
  integrity sha1-nLxoaXj+5l0WwA4rGcI3/Pbjg4k=
  dependencies:
    load-json-file "^4.0.0"
    normalize-package-data "^2.3.2"
    path-type "^3.0.0"

regenerator-runtime@^0.13.10:
  version "0.13.11"
  resolved "https://pkgs.d.xiaomi.net:443/artifactory/api/npm/mi-npm/regenerator-runtime/-/regenerator-runtime-0.13.11.tgz#f6dca3e7ceec20590d07ada785636a90cdca17f9"
  integrity sha1-9tyj587sIFkNB62nhWNqkM3KF/k=

regexp.prototype.flags@^1.4.3:
  version "1.5.0"
  resolved "https://pkgs.d.xiaomi.net:443/artifactory/api/npm/mi-npm/regexp.prototype.flags/-/regexp.prototype.flags-1.5.0.tgz#fe7ce25e7e4cca8db37b6634c8a2c7009199b9cb"
  integrity sha1-/nziXn5Myo2ze2Y0yKLHAJGZucs=
  dependencies:
    call-bind "^1.0.2"
    define-properties "^1.2.0"
    functions-have-names "^1.2.3"

resolve@^1.10.0, resolve@^1.22.1:
  version "1.22.2"
  resolved "https://pkgs.d.xiaomi.net:443/artifactory/api/npm/mi-npm/resolve/-/resolve-1.22.2.tgz#0ed0943d4e301867955766c9f3e1ae6d01c6845f"
  integrity sha1-DtCUPU4wGGeVV2bJ8+GubQHGhF8=
  dependencies:
    is-core-module "^2.11.0"
    path-parse "^1.0.7"
    supports-preserve-symlinks-flag "^1.0.0"

rollup@^2.79.1:
  version "2.79.1"
  resolved "https://pkgs.d.xiaomi.net:443/artifactory/api/npm/mi-npm/rollup/-/rollup-2.79.1.tgz#bedee8faef7c9f93a2647ac0108748f497f081c7"
  integrity sha1-vt7o+u98n5OiZHrAEIdI9Jfwgcc=
  optionalDependencies:
    fsevents "~2.3.2"

safe-regex-test@^1.0.0:
  version "1.0.0"
  resolved "https://pkgs.d.xiaomi.net:443/artifactory/api/npm/mi-npm/safe-regex-test/-/safe-regex-test-1.0.0.tgz#793b874d524eb3640d1873aad03596db2d4f2295"
  integrity sha1-eTuHTVJOs2QNGHOq0DWW2y1PIpU=
  dependencies:
    call-bind "^1.0.2"
    get-intrinsic "^1.1.3"
    is-regex "^1.1.4"

"semver@2 || 3 || 4 || 5", semver@^5.5.0:
  version "5.7.1"
  resolved "https://pkgs.d.xiaomi.net:443/artifactory/api/npm/mi-npm/semver/-/semver-5.7.1.tgz#a954f931aeba508d307bbf069eff0c01c96116f7"
  integrity sha1-qVT5Ma66UI0we78Gnv8MAclhFvc=

shebang-command@^1.2.0:
  version "1.2.0"
  resolved "https://pkgs.d.xiaomi.net:443/artifactory/api/npm/mi-npm/shebang-command/-/shebang-command-1.2.0.tgz#44aac65b695b03398968c39f363fee5deafdf1ea"
  integrity sha1-RKrGW2lbAzmJaMOfNj/uXer98eo=
  dependencies:
    shebang-regex "^1.0.0"

shebang-regex@^1.0.0:
  version "1.0.0"
  resolved "https://pkgs.d.xiaomi.net:443/artifactory/api/npm/mi-npm/shebang-regex/-/shebang-regex-1.0.0.tgz#da42f49740c0b42db2ca9728571cb190c98efea3"
  integrity sha1-2kL0l0DAtC2yypcoVxyxkMmO/qM=

shell-quote@^1.6.1:
  version "1.8.1"
  resolved "https://pkgs.d.xiaomi.net:443/artifactory/api/npm/mi-npm/shell-quote/-/shell-quote-1.8.1.tgz#6dbf4db75515ad5bac63b4f1894c3a154c766680"
  integrity sha1-bb9Nt1UVrVusY7TxiUw6FUx2ZoA=

side-channel@^1.0.4:
  version "1.0.4"
  resolved "https://pkgs.d.xiaomi.net:443/artifactory/api/npm/mi-npm/side-channel/-/side-channel-1.0.4.tgz#efce5c8fdc104ee751b25c58d4290011fa5ea2cf"
  integrity sha1-785cj9wQTudRslxY1CkAEfpeos8=
  dependencies:
    call-bind "^1.0.0"
    get-intrinsic "^1.0.2"
    object-inspect "^1.9.0"

source-map-js@^1.0.2:
  version "1.0.2"
  resolved "https://pkgs.d.xiaomi.net:443/artifactory/api/npm/mi-npm/source-map-js/-/source-map-js-1.0.2.tgz#adbc361d9c62df380125e7f161f71c826f1e490c"
  integrity sha1-rbw2HZxi3zgBJefxYfccgm8eSQw=

source-map-support@~0.5.20:
  version "0.5.21"
  resolved "https://pkgs.d.xiaomi.net:443/artifactory/api/npm/mi-npm/source-map-support/-/source-map-support-0.5.21.tgz#04fe7c7f9e1ed2d662233c28cb2b35b9f63f6e4f"
  integrity sha1-BP58f54e0tZiIzwoyys1ufY/bk8=
  dependencies:
    buffer-from "^1.0.0"
    source-map "^0.6.0"

source-map@^0.6.0, source-map@^0.6.1:
  version "0.6.1"
  resolved "https://pkgs.d.xiaomi.net:443/artifactory/api/npm/mi-npm/source-map/-/source-map-0.6.1.tgz#74722af32e9614e9c287a8d0bbde48b5e2f1a263"
  integrity sha1-dHIq8y6WFOnCh6jQu95IteLxomM=

sourcemap-codec@^1.4.8:
  version "1.4.8"
  resolved "https://pkgs.d.xiaomi.net:443/artifactory/api/npm/mi-npm/sourcemap-codec/-/sourcemap-codec-1.4.8.tgz#ea804bd94857402e6992d05a38ef1ae35a9ab4c4"
  integrity sha1-6oBL2UhXQC5pktBaOO8a41qatMQ=

spdx-correct@^3.0.0:
  version "3.2.0"
  resolved "https://pkgs.d.xiaomi.net:443/artifactory/api/npm/mi-npm/spdx-correct/-/spdx-correct-3.2.0.tgz#4f5ab0668f0059e34f9c00dce331784a12de4e9c"
  integrity sha1-T1qwZo8AWeNPnADc4zF4ShLeTpw=
  dependencies:
    spdx-expression-parse "^3.0.0"
    spdx-license-ids "^3.0.0"

spdx-exceptions@^2.1.0:
  version "2.3.0"
  resolved "https://pkgs.d.xiaomi.net:443/artifactory/api/npm/mi-npm/spdx-exceptions/-/spdx-exceptions-2.3.0.tgz#3f28ce1a77a00372683eade4a433183527a2163d"
  integrity sha1-PyjOGnegA3JoPq3kpDMYNSeiFj0=

spdx-expression-parse@^3.0.0:
  version "3.0.1"
  resolved "https://pkgs.d.xiaomi.net:443/artifactory/api/npm/mi-npm/spdx-expression-parse/-/spdx-expression-parse-3.0.1.tgz#cf70f50482eefdc98e3ce0a6833e4a53ceeba679"
  integrity sha1-z3D1BILu/cmOPOCmgz5KU87rpnk=
  dependencies:
    spdx-exceptions "^2.1.0"
    spdx-license-ids "^3.0.0"

spdx-license-ids@^3.0.0:
  version "3.0.13"
  resolved "https://pkgs.d.xiaomi.net:443/artifactory/api/npm/mi-npm/spdx-license-ids/-/spdx-license-ids-3.0.13.tgz#7189a474c46f8d47c7b0da4b987bb45e908bd2d5"
  integrity sha1-cYmkdMRvjUfHsNpLmHu0XpCL0tU=

string.prototype.padend@^3.0.0:
  version "3.1.4"
  resolved "https://pkgs.d.xiaomi.net:443/artifactory/api/npm/mi-npm/string.prototype.padend/-/string.prototype.padend-3.1.4.tgz#2c43bb3a89eb54b6750de5942c123d6c98dd65b6"
  integrity sha1-LEO7OonrVLZ1DeWULBI9bJjdZbY=
  dependencies:
    call-bind "^1.0.2"
    define-properties "^1.1.4"
    es-abstract "^1.20.4"

string.prototype.trim@^1.2.7:
  version "1.2.7"
  resolved "https://pkgs.d.xiaomi.net:443/artifactory/api/npm/mi-npm/string.prototype.trim/-/string.prototype.trim-1.2.7.tgz#a68352740859f6893f14ce3ef1bb3037f7a90533"
  integrity sha1-poNSdAhZ9ok/FM4+8bswN/epBTM=
  dependencies:
    call-bind "^1.0.2"
    define-properties "^1.1.4"
    es-abstract "^1.20.4"

string.prototype.trimend@^1.0.6:
  version "1.0.6"
  resolved "https://pkgs.d.xiaomi.net:443/artifactory/api/npm/mi-npm/string.prototype.trimend/-/string.prototype.trimend-1.0.6.tgz#c4a27fa026d979d79c04f17397f250a462944533"
  integrity sha1-xKJ/oCbZedecBPFzl/JQpGKURTM=
  dependencies:
    call-bind "^1.0.2"
    define-properties "^1.1.4"
    es-abstract "^1.20.4"

string.prototype.trimstart@^1.0.6:
  version "1.0.6"
  resolved "https://pkgs.d.xiaomi.net:443/artifactory/api/npm/mi-npm/string.prototype.trimstart/-/string.prototype.trimstart-1.0.6.tgz#e90ab66aa8e4007d92ef591bbf3cd422c56bdcf4"
  integrity sha1-6Qq2aqjkAH2S71kbvzzUIsVr3PQ=
  dependencies:
    call-bind "^1.0.2"
    define-properties "^1.1.4"
    es-abstract "^1.20.4"

strip-bom@^3.0.0:
  version "3.0.0"
  resolved "https://pkgs.d.xiaomi.net:443/artifactory/api/npm/mi-npm/strip-bom/-/strip-bom-3.0.0.tgz#2334c18e9c759f7bdd56fdef7e9ae3d588e68ed3"
  integrity sha1-IzTBjpx1n3vdVv3vfprj1YjmjtM=

supports-color@^5.3.0:
  version "5.5.0"
  resolved "https://pkgs.d.xiaomi.net:443/artifactory/api/npm/mi-npm/supports-color/-/supports-color-5.5.0.tgz#e2e69a44ac8772f78a1ec0b35b689df6530efc8f"
  integrity sha1-4uaaRKyHcveKHsCzW2id9lMO/I8=
  dependencies:
    has-flag "^3.0.0"

supports-preserve-symlinks-flag@^1.0.0:
  version "1.0.0"
  resolved "https://pkgs.d.xiaomi.net:443/artifactory/api/npm/mi-npm/supports-preserve-symlinks-flag/-/supports-preserve-symlinks-flag-1.0.0.tgz#6eda4bd344a3c94aea376d4cc31bc77311039e09"
  integrity sha1-btpL00SjyUrqN21MwxvHcxEDngk=

systemjs@^6.13.0:
  version "6.14.1"
  resolved "https://pkgs.d.xiaomi.net:443/artifactory/api/npm/mi-npm/systemjs/-/systemjs-6.14.1.tgz#95a580b91b50d0d69ff178ed4816f0ddbcea23c1"
  integrity sha1-laWAuRtQ0Naf8XjtSBbw3bzqI8E=

terser@^5.14.2:
  version "5.17.2"
  resolved "https://pkgs.d.xiaomi.net:443/artifactory/api/npm/mi-npm/terser/-/terser-5.17.2.tgz#06c9818ae998066234b985abeb57bb7bff29d449"
  integrity sha1-BsmBiumYBmI0uYWr61e7e/8p1Ek=
  dependencies:
    "@jridgewell/source-map" "^0.3.2"
    acorn "^8.5.0"
    commander "^2.20.0"
    source-map-support "~0.5.20"

typed-array-length@^1.0.4:
  version "1.0.4"
  resolved "https://pkgs.d.xiaomi.net:443/artifactory/api/npm/mi-npm/typed-array-length/-/typed-array-length-1.0.4.tgz#89d83785e5c4098bec72e08b319651f0eac9c1bb"
  integrity sha1-idg3heXECYvscuCLMZZR8OrJwbs=
  dependencies:
    call-bind "^1.0.2"
    for-each "^0.3.3"
    is-typed-array "^1.1.9"

typescript@~4.7.4:
  version "4.7.4"
  resolved "https://pkgs.d.xiaomi.net:443/artifactory/api/npm/mi-npm/typescript/-/typescript-4.7.4.tgz#1a88596d1cf47d59507a1bcdfb5b9dfe4d488235"
  integrity sha1-GohZbRz0fVlQehvN+1ud/k1IgjU=

unbox-primitive@^1.0.2:
  version "1.0.2"
  resolved "https://pkgs.d.xiaomi.net:443/artifactory/api/npm/mi-npm/unbox-primitive/-/unbox-primitive-1.0.2.tgz#29032021057d5e6cdbd08c5129c226dff8ed6f9e"
  integrity sha1-KQMgIQV9Xmzb0IxRKcIm3/jtb54=
  dependencies:
    call-bind "^1.0.2"
    has-bigints "^1.0.2"
    has-symbols "^1.0.3"
    which-boxed-primitive "^1.0.2"

validate-npm-package-license@^3.0.1:
  version "3.0.4"
  resolved "https://pkgs.d.xiaomi.net:443/artifactory/api/npm/mi-npm/validate-npm-package-license/-/validate-npm-package-license-3.0.4.tgz#fc91f6b9c7ba15c857f4cb2c5defeec39d4f410a"
  integrity sha1-/JH2uce6FchX9MssXe/uw51PQQo=
  dependencies:
    spdx-correct "^3.0.0"
    spdx-expression-parse "^3.0.0"

vite@^3.0.2:
  version "3.2.6"
  resolved "https://pkgs.d.xiaomi.net:443/artifactory/api/npm/mi-npm/vite/-/vite-3.2.6.tgz#a0538710e69532225d9c0ba6a23f4158b51267fd"
  integrity sha1-oFOHEOaVMiJdnAumoj9BWLUSZ/0=
  dependencies:
    esbuild "^0.15.9"
    postcss "^8.4.18"
    resolve "^1.22.1"
    rollup "^2.79.1"
  optionalDependencies:
    fsevents "~2.3.2"

vue-tsc@^0.38.8:
  version "0.38.9"
  resolved "https://pkgs.d.xiaomi.net:443/artifactory/api/npm/mi-npm/vue-tsc/-/vue-tsc-0.38.9.tgz#9e945937667f704325328db8af1cc6bc7314b85e"
  integrity sha1-npRZN2Z/cEMlMo24rxzGvHMUuF4=
  dependencies:
    "@volar/vue-typescript" "0.38.9"

vue@^2.7.7:
  version "2.7.14"
  resolved "https://pkgs.d.xiaomi.net:443/artifactory/api/npm/mi-npm/vue/-/vue-2.7.14.tgz#3743dcd248fd3a34d421ae456b864a0246bafb17"
  integrity sha1-N0Pc0kj9OjTUIa5Fa4ZKAka6+xc=
  dependencies:
    "@vue/compiler-sfc" "2.7.14"
    csstype "^3.1.0"

which-boxed-primitive@^1.0.2:
  version "1.0.2"
  resolved "https://pkgs.d.xiaomi.net:443/artifactory/api/npm/mi-npm/which-boxed-primitive/-/which-boxed-primitive-1.0.2.tgz#13757bc89b209b049fe5d86430e21cf40a89a8e6"
  integrity sha1-E3V7yJsgmwSf5dhkMOIc9AqJqOY=
  dependencies:
    is-bigint "^1.0.1"
    is-boolean-object "^1.1.0"
    is-number-object "^1.0.4"
    is-string "^1.0.5"
    is-symbol "^1.0.3"

which-typed-array@^1.1.9:
  version "1.1.9"
  resolved "https://pkgs.d.xiaomi.net:443/artifactory/api/npm/mi-npm/which-typed-array/-/which-typed-array-1.1.9.tgz#307cf898025848cf995e795e8423c7f337efbde6"
  integrity sha1-MHz4mAJYSM+ZXnlehCPH8zfvveY=
  dependencies:
    available-typed-arrays "^1.0.5"
    call-bind "^1.0.2"
    for-each "^0.3.3"
    gopd "^1.0.1"
    has-tostringtag "^1.0.0"
    is-typed-array "^1.1.10"

which@^1.2.9:
  version "1.3.1"
  resolved "https://pkgs.d.xiaomi.net:443/artifactory/api/npm/mi-npm/which/-/which-1.3.1.tgz#a45043d54f5805316da8d62f9f50918d3da70b0a"
  integrity sha1-pFBD1U9YBTFtqNYvn1CRjT2nCwo=
  dependencies:
    isexe "^2.0.0"
